
Microsoft Visual Studio Solution File, Format Version 12.00
# Visual Studio Version 17
VisualStudioVersion = 17.10.35027.167
MinimumVisualStudioVersion = 10.0.40219.1
Project("{FAE04EC0-301F-11D3-BF4B-00C04F79EFBC}") = "Hafta2KapanısPratikler", "Hafta2KapanısPratikler\Hafta2KapanısPratikler.csproj", "{DC127CD8-60AC-49D1-B89E-66F13F51F26F}"
EndProject
Global
	GlobalSection(SolutionConfigurationPlatforms) = preSolution
		Debug|Any CPU = Debug|Any CPU
		Release|Any CPU = Release|Any CPU
	EndGlobalSection
	GlobalSection(ProjectConfigurationPlatforms) = postSolution
		{DC127CD8-60AC-49D1-B89E-66F13F51F26F}.Debug|Any CPU.ActiveCfg = Debug|Any CPU
		{DC127CD8-60AC-49D1-B89E-66F13F51F26F}.Debug|Any CPU.Build.0 = Debug|Any CPU
		{DC127CD8-60AC-49D1-B89E-66F13F51F26F}.Release|Any CPU.ActiveCfg = Release|Any CPU
		{DC127CD8-60AC-49D1-B89E-66F13F51F26F}.Release|Any CPU.Build.0 = Release|Any CPU
	EndGlobalSection
	GlobalSection(SolutionProperties) = preSolution
		HideSolutionNode = FALSE
	EndGlobalSection
	GlobalSection(ExtensibilityGlobals) = postSolution
		SolutionGuid = {C7BA07FC-8702-40D8-AA7A-EF3BDA5C158D}
	EndGlobalSection
EndGlobal
